
Microsoft Visual Studio Solution File, Format Version 12.00
# Visual Studio Version 16
VisualStudioVersion = 16.0.31205.134
MinimumVisualStudioVersion = 10.0.40219.1
Project("{9A19103F-16F7-4668-BE54-9A1E7A4F7556}") = "CareerCenter.Core", "CareerCenter.Core\CareerCenter.Core.csproj", "{4329B45F-F0C8-43AF-AF57-B6A88E817140}"
EndProject
Project("{9A19103F-16F7-4668-BE54-9A1E7A4F7556}") = "CareerCenter.Worker", "CareerCenter.Worker\CareerCenter.Worker.csproj", "{496ECFAA-A1E2-4805-9A16-F13636624120}"
EndProject
Project("{FAE04EC0-301F-11D3-BF4B-00C04F79EFBC}") = "CareerCenter.MVC", "CareerCenter.MVC\CareerCenter.MVC.csproj", "{E51CCDF1-FAB4-414F-9E23-2507039C29B7}"
EndProject
Global
	GlobalSection(SolutionConfigurationPlatforms) = preSolution
		Debug|Any CPU = Debug|Any CPU
		Release|Any CPU = Release|Any CPU
	EndGlobalSection
	GlobalSection(ProjectConfigurationPlatforms) = postSolution
		{4329B45F-F0C8-43AF-AF57-B6A88E817140}.Debug|Any CPU.ActiveCfg = Debug|Any CPU
		{4329B45F-F0C8-43AF-AF57-B6A88E817140}.Debug|Any CPU.Build.0 = Debug|Any CPU
		{4329B45F-F0C8-43AF-AF57-B6A88E817140}.Release|Any CPU.ActiveCfg = Release|Any CPU
		{4329B45F-F0C8-43AF-AF57-B6A88E817140}.Release|Any CPU.Build.0 = Release|Any CPU
		{496ECFAA-A1E2-4805-9A16-F13636624120}.Debug|Any CPU.ActiveCfg = Debug|Any CPU
		{496ECFAA-A1E2-4805-9A16-F13636624120}.Debug|Any CPU.Build.0 = Debug|Any CPU
		{496ECFAA-A1E2-4805-9A16-F13636624120}.Release|Any CPU.ActiveCfg = Release|Any CPU
		{496ECFAA-A1E2-4805-9A16-F13636624120}.Release|Any CPU.Build.0 = Release|Any CPU
		{E51CCDF1-FAB4-414F-9E23-2507039C29B7}.Debug|Any CPU.ActiveCfg = Debug|Any CPU
		{E51CCDF1-FAB4-414F-9E23-2507039C29B7}.Debug|Any CPU.Build.0 = Debug|Any CPU
		{E51CCDF1-FAB4-414F-9E23-2507039C29B7}.Release|Any CPU.ActiveCfg = Release|Any CPU
		{E51CCDF1-FAB4-414F-9E23-2507039C29B7}.Release|Any CPU.Build.0 = Release|Any CPU
	EndGlobalSection
	GlobalSection(SolutionProperties) = preSolution
		HideSolutionNode = FALSE
	EndGlobalSection
	GlobalSection(ExtensibilityGlobals) = postSolution
		SolutionGuid = {4F9BE3E8-1CB1-43C3-8E37-AD6CB9347A1B}
	EndGlobalSection
EndGlobal
